
Microsoft Visual Studio Solution File, Format Version 12.00
# Visual Studio Version 16
VisualStudioVersion = 16.0.33529.622
MinimumVisualStudioVersion = 10.0.40219.1
Project("{9A19103F-16F7-4668-BE54-9A1E7A4F7556}") = "BaiTap1", "BaiTap1\BaiTap1.csproj", "{88CF6C43-514E-4ED0-9487-90C4D09236BC}"
EndProject
Project("{FAE04EC0-301F-11D3-BF4B-00C04F79EFBC}") = "BaiTap2", "BaiTap2\BaiTap2.csproj", "{D80D4B0D-0DE8-4866-B140-F0C2D9F3AFE0}"
EndProject
Global
	GlobalSection(SolutionConfigurationPlatforms) = preSolution
		Debug|Any CPU = Debug|Any CPU
		Release|Any CPU = Release|Any CPU
	EndGlobalSection
	GlobalSection(ProjectConfigurationPlatforms) = postSolution
		{88CF6C43-514E-4ED0-9487-90C4D09236BC}.Debug|Any CPU.ActiveCfg = Debug|Any CPU
		{88CF6C43-514E-4ED0-9487-90C4D09236BC}.Debug|Any CPU.Build.0 = Debug|Any CPU
		{88CF6C43-514E-4ED0-9487-90C4D09236BC}.Release|Any CPU.ActiveCfg = Release|Any CPU
		{88CF6C43-514E-4ED0-9487-90C4D09236BC}.Release|Any CPU.Build.0 = Release|Any CPU
		{D80D4B0D-0DE8-4866-B140-F0C2D9F3AFE0}.Debug|Any CPU.ActiveCfg = Debug|Any CPU
		{D80D4B0D-0DE8-4866-B140-F0C2D9F3AFE0}.Debug|Any CPU.Build.0 = Debug|Any CPU
		{D80D4B0D-0DE8-4866-B140-F0C2D9F3AFE0}.Release|Any CPU.ActiveCfg = Release|Any CPU
		{D80D4B0D-0DE8-4866-B140-F0C2D9F3AFE0}.Release|Any CPU.Build.0 = Release|Any CPU
	EndGlobalSection
	GlobalSection(SolutionProperties) = preSolution
		HideSolutionNode = FALSE
	EndGlobalSection
	GlobalSection(ExtensibilityGlobals) = postSolution
		SolutionGuid = {45272BD6-7B88-4771-9070-AE19B6318BD4}
	EndGlobalSection
EndGlobal
